<Solution>
  <Project Path="BookIt.Api/BookIt.Api.csproj" />
  <Project Path="BookIt.Application/BookIt.Application.csproj" Id="a68c25b8-3698-43ae-b2d8-d42556ffd11f" />
  <Project Path="BookIt.DAL/BookIt.DAL.csproj" />
  <Project Path="BookIt.Domain/BookIt.Domain.csproj" />
  <Project Path="BookIt.Services/BookIt.Services.csproj" />
</Solution>
